
Microsoft Visual Studio Solution File, Format Version 12.00
# Visual Studio Version 17
VisualStudioVersion = 17.5.33530.505
MinimumVisualStudioVersion = 10.0.40219.1
Project("{FAE04EC0-301F-11D3-BF4B-00C04F79EFBC}") = "TheNewYorkTimes", "TheNewYorkTimes.csproj", "{BAB4C4A1-6908-4F38-95F9-1725D1649DD6}"
EndProject
Global
	GlobalSection(SolutionConfigurationPlatforms) = preSolution
		Debug|Any CPU = Debug|Any CPU
		Release|Any CPU = Release|Any CPU
	EndGlobalSection
	GlobalSection(ProjectConfigurationPlatforms) = postSolution
		{BAB4C4A1-6908-4F38-95F9-1725D1649DD6}.Debug|Any CPU.ActiveCfg = Debug|Any CPU
		{BAB4C4A1-6908-4F38-95F9-1725D1649DD6}.Debug|Any CPU.Build.0 = Debug|Any CPU
		{BAB4C4A1-6908-4F38-95F9-1725D1649DD6}.Release|Any CPU.ActiveCfg = Release|Any CPU
		{BAB4C4A1-6908-4F38-95F9-1725D1649DD6}.Release|Any CPU.Build.0 = Release|Any CPU
	EndGlobalSection
	GlobalSection(SolutionProperties) = preSolution
		HideSolutionNode = FALSE
	EndGlobalSection
	GlobalSection(ExtensibilityGlobals) = postSolution
		SolutionGuid = {F243A594-CF87-4AF4-884C-DEC806FF72E9}
	EndGlobalSection
EndGlobal
